// !$*UTF8*$!
{
	archiveVersion = 1;
	classes = {
	};
	objectVersion = 46;
	objects = {

/* Begin PBXBuildFile section */
		B7F1C3A671429E163F8EEF68 /* Pods_CodingCafe.framework in Frameworks */ = {isa = PBXBuildFile; fileRef = 9FDE239D0A26DD21643CCCC0 /* Pods_CodingCafe.framework */; };
		DB09B4271E30FC7200A9A600 /* CoreEntity.swift in Sources */ = {isa = PBXBuildFile; fileRef = DB09B4261E30FC7200A9A600 /* CoreEntity.swift */; };
		DB157D031E08C03800C02A1E /* AppDelegate.swift in Sources */ = {isa = PBXBuildFile; fileRef = DB157D021E08C03800C02A1E /* AppDelegate.swift */; };
		DB157D051E08C03800C02A1E /* ViewController.swift in Sources */ = {isa = PBXBuildFile; fileRef = DB157D041E08C03800C02A1E /* ViewController.swift */; };
		DB157D081E08C03800C02A1E /* Main.storyboard in Resources */ = {isa = PBXBuildFile; fileRef = DB157D061E08C03800C02A1E /* Main.storyboard */; };
		DB157D0A1E08C03800C02A1E /* Assets.xcassets in Resources */ = {isa = PBXBuildFile; fileRef = DB157D091E08C03800C02A1E /* Assets.xcassets */; };
		DB157D0D1E08C03800C02A1E /* LaunchScreen.storyboard in Resources */ = {isa = PBXBuildFile; fileRef = DB157D0B1E08C03800C02A1E /* LaunchScreen.storyboard */; };
		DB8FA8231E2AA53800B678C8 /* Communicator.swift in Sources */ = {isa = PBXBuildFile; fileRef = DB8FA8221E2AA53800B678C8 /* Communicator.swift */; };
		DBBED7F31E2D1919000C660A /* MapView.swift in Sources */ = {isa = PBXBuildFile; fileRef = DBBED7F21E2D1919000C660A /* MapView.swift */; };
		DBBED7F51E2D1950000C660A /* MapViewController.swift in Sources */ = {isa = PBXBuildFile; fileRef = DBBED7F41E2D1950000C660A /* MapViewController.swift */; };
		DBBED7F71E2D1AF8000C660A /* MapDetailView.swift in Sources */ = {isa = PBXBuildFile; fileRef = DBBED7F61E2D1AF8000C660A /* MapDetailView.swift */; };
		DBC7CE4F1E09053E00A6A057 /* MapKit.framework in Frameworks */ = {isa = PBXBuildFile; fileRef = DBC7CE4E1E09053E00A6A057 /* MapKit.framework */; };
		DBC7CE5F1E097F6D00A6A057 /* Alamofire.framework in Frameworks */ = {isa = PBXBuildFile; fileRef = DBC7CE5E1E097F6D00A6A057 /* Alamofire.framework */; };
		DBC7CE611E097F7000A6A057 /* SwiftyJSON.framework in Frameworks */ = {isa = PBXBuildFile; fileRef = DBC7CE601E097F7000A6A057 /* SwiftyJSON.framework */; };
/* End PBXBuildFile section */

/* Begin PBXFileReference section */
		9FDE239D0A26DD21643CCCC0 /* Pods_CodingCafe.framework */ = {isa = PBXFileReference; explicitFileType = wrapper.framework; includeInIndex = 0; path = Pods_CodingCafe.framework; sourceTree = BUILT_PRODUCTS_DIR; };
		ABB5F5583B991E698A28A53A /* Pods-CodingCafe.debug.xcconfig */ = {isa = PBXFileReference; includeInIndex = 1; lastKnownFileType = text.xcconfig; name = "Pods-CodingCafe.debug.xcconfig"; path = "Pods/Target Support Files/Pods-CodingCafe/Pods-CodingCafe.debug.xcconfig"; sourceTree = "<group>"; };
		DB09B4261E30FC7200A9A600 /* CoreEntity.swift */ = {isa = PBXFileReference; fileEncoding = 4; lastKnownFileType = sourcecode.swift; path = CoreEntity.swift; sourceTree = "<group>"; };
		DB157CFF1E08C03800C02A1E /* CodingCafe.app */ = {isa = PBXFileReference; explicitFileType = wrapper.application; includeInIndex = 0; path = CodingCafe.app; sourceTree = BUILT_PRODUCTS_DIR; };
		DB157D021E08C03800C02A1E /* AppDelegate.swift */ = {isa = PBXFileReference; lastKnownFileType = sourcecode.swift; path = AppDelegate.swift; sourceTree = "<group>"; };
		DB157D041E08C03800C02A1E /* ViewController.swift */ = {isa = PBXFileReference; lastKnownFileType = sourcecode.swift; path = ViewController.swift; sourceTree = "<group>"; };
		DB157D071E08C03800C02A1E /* Base */ = {isa = PBXFileReference; lastKnownFileType = file.storyboard; name = Base; path = Base.lproj/Main.storyboard; sourceTree = "<group>"; };
		DB157D091E08C03800C02A1E /* Assets.xcassets */ = {isa = PBXFileReference; lastKnownFileType = folder.assetcatalog; path = Assets.xcassets; sourceTree = "<group>"; };
		DB157D0C1E08C03800C02A1E /* Base */ = {isa = PBXFileReference; lastKnownFileType = file.storyboard; name = Base; path = Base.lproj/LaunchScreen.storyboard; sourceTree = "<group>"; };
		DB157D0E1E08C03800C02A1E /* Info.plist */ = {isa = PBXFileReference; lastKnownFileType = text.plist.xml; path = Info.plist; sourceTree = "<group>"; };
		DB8FA8221E2AA53800B678C8 /* Communicator.swift */ = {isa = PBXFileReference; fileEncoding = 4; lastKnownFileType = sourcecode.swift; path = Communicator.swift; sourceTree = "<group>"; };
		DBBED7F21E2D1919000C660A /* MapView.swift */ = {isa = PBXFileReference; fileEncoding = 4; lastKnownFileType = sourcecode.swift; path = MapView.swift; sourceTree = "<group>"; };
		DBBED7F41E2D1950000C660A /* MapViewController.swift */ = {isa = PBXFileReference; fileEncoding = 4; lastKnownFileType = sourcecode.swift; path = MapViewController.swift; sourceTree = "<group>"; };
		DBBED7F61E2D1AF8000C660A /* MapDetailView.swift */ = {isa = PBXFileReference; fileEncoding = 4; lastKnownFileType = sourcecode.swift; path = MapDetailView.swift; sourceTree = "<group>"; };
		DBC7CE4E1E09053E00A6A057 /* MapKit.framework */ = {isa = PBXFileReference; lastKnownFileType = wrapper.framework; name = MapKit.framework; path = System/Library/Frameworks/MapKit.framework; sourceTree = SDKROOT; };
		DBC7CE5E1E097F6D00A6A057 /* Alamofire.framework */ = {isa = PBXFileReference; lastKnownFileType = wrapper.framework; name = Alamofire.framework; path = "../../../Library/Developer/Xcode/DerivedData/CodingCafe-aplgnhxqjibpmpajyttptcwimgph/Build/Products/Debug-iphoneos/Alamofire/Alamofire.framework"; sourceTree = "<group>"; };
		DBC7CE601E097F7000A6A057 /* SwiftyJSON.framework */ = {isa = PBXFileReference; lastKnownFileType = wrapper.framework; name = SwiftyJSON.framework; path = "../../../Library/Developer/Xcode/DerivedData/CodingCafe-aplgnhxqjibpmpajyttptcwimgph/Build/Products/Debug-iphoneos/SwiftyJSON/SwiftyJSON.framework"; sourceTree = "<group>"; };
		F14346CCB2A977045F7E9A0F /* Pods-CodingCafe.release.xcconfig */ = {isa = PBXFileReference; includeInIndex = 1; lastKnownFileType = text.xcconfig; name = "Pods-CodingCafe.release.xcconfig"; path = "Pods/Target Support Files/Pods-CodingCafe/Pods-CodingCafe.release.xcconfig"; sourceTree = "<group>"; };
/* End PBXFileReference section */

/* Begin PBXFrameworksBuildPhase section */
		DB157CFC1E08C03800C02A1E /* Frameworks */ = {
			isa = PBXFrameworksBuildPhase;
			buildActionMask = 2147483647;
			files = (
				DBC7CE611E097F7000A6A057 /* SwiftyJSON.framework in Frameworks */,
				DBC7CE5F1E097F6D00A6A057 /* Alamofire.framework in Frameworks */,
				DBC7CE4F1E09053E00A6A057 /* MapKit.framework in Frameworks */,
				B7F1C3A671429E163F8EEF68 /* Pods_CodingCafe.framework in Frameworks */,
			);
			runOnlyForDeploymentPostprocessing = 0;
		};
/* End PBXFrameworksBuildPhase section */

/* Begin PBXGroup section */
		CD264305F74A2EBEA1165CEB /* Pods */ = {
			isa = PBXGroup;
			children = (
				ABB5F5583B991E698A28A53A /* Pods-CodingCafe.debug.xcconfig */,
				F14346CCB2A977045F7E9A0F /* Pods-CodingCafe.release.xcconfig */,
			);
			name = Pods;
			sourceTree = "<group>";
		};
		DB157CF61E08C03800C02A1E = {
			isa = PBXGroup;
			children = (
				DB157D011E08C03800C02A1E /* CodingCafe */,
				DB157D001E08C03800C02A1E /* Products */,
				CD264305F74A2EBEA1165CEB /* Pods */,
				EFC10996CE8D6BF6DE1EF1E2 /* Frameworks */,
			);
			sourceTree = "<group>";
		};
		DB157D001E08C03800C02A1E /* Products */ = {
			isa = PBXGroup;
			children = (
				DB157CFF1E08C03800C02A1E /* CodingCafe.app */,
			);
			name = Products;
			sourceTree = "<group>";
		};
		DB157D011E08C03800C02A1E /* CodingCafe */ = {
			isa = PBXGroup;
			children = (
				DB157D021E08C03800C02A1E /* AppDelegate.swift */,
				DB157D041E08C03800C02A1E /* ViewController.swift */,
				DB157D061E08C03800C02A1E /* Main.storyboard */,
				DB32E7261E2475990092B708 /* View */,
				DB32E7281E2475990092B708 /* Model */,
				DB32E7271E2475990092B708 /* Controller */,
				DB157D091E08C03800C02A1E /* Assets.xcassets */,
				DB157D0B1E08C03800C02A1E /* LaunchScreen.storyboard */,
				DB157D0E1E08C03800C02A1E /* Info.plist */,
			);
			path = CodingCafe;
			sourceTree = "<group>";
		};
		DB32E7261E2475990092B708 /* View */ = {
			isa = PBXGroup;
			children = (
				DBBED7F21E2D1919000C660A /* MapView.swift */,
				DBBED7F61E2D1AF8000C660A /* MapDetailView.swift */,
			);
			path = View;
			sourceTree = "<group>";
		};
		DB32E7271E2475990092B708 /* Controller */ = {
			isa = PBXGroup;
			children = (
				DBBED7F41E2D1950000C660A /* MapViewController.swift */,
			);
			path = Controller;
			sourceTree = "<group>";
		};
		DB32E7281E2475990092B708 /* Model */ = {
			isa = PBXGroup;
			children = (
				DB09B4261E30FC7200A9A600 /* CoreEntity.swift */,
				DB8FA8221E2AA53800B678C8 /* Communicator.swift */,
			);
			path = Model;
			sourceTree = "<group>";
		};
		EFC10996CE8D6BF6DE1EF1E2 /* Frameworks */ = {
			isa = PBXGroup;
			children = (
				DBC7CE601E097F7000A6A057 /* SwiftyJSON.framework */,
				DBC7CE5E1E097F6D00A6A057 /* Alamofire.framework */,
				DBC7CE4E1E09053E00A6A057 /* MapKit.framework */,
				9FDE239D0A26DD21643CCCC0 /* Pods_CodingCafe.framework */,
			);
			name = Frameworks;
			sourceTree = "<group>";
		};
/* End PBXGroup section */

/* Begin PBXNativeTarget section */
		DB157CFE1E08C03800C02A1E /* CodingCafe */ = {
			isa = PBXNativeTarget;
			buildConfigurationList = DB157D111E08C03800C02A1E /* Build configuration list for PBXNativeTarget "CodingCafe" */;
			buildPhases = (
				C4C44F82C2712FE2D41CFBDB /* 📦 Check Pods Manifest.lock */,
				DB157CFB1E08C03800C02A1E /* Sources */,
				DB157CFC1E08C03800C02A1E /* Frameworks */,
				DB157CFD1E08C03800C02A1E /* Resources */,
				9B639A81F61C3F998626EC29 /* 📦 Embed Pods Frameworks */,
				9697AAED84256A42EBE9AC76 /* 📦 Copy Pods Resources */,
			);
			buildRules = (
			);
			dependencies = (
			);
			name = CodingCafe;
			productName = CodingCafe;
			productReference = DB157CFF1E08C03800C02A1E /* CodingCafe.app */;
			productType = "com.apple.product-type.application";
		};
/* End PBXNativeTarget section */

/* Begin PBXProject section */
		DB157CF71E08C03800C02A1E /* Project object */ = {
			isa = PBXProject;
			attributes = {
				LastSwiftUpdateCheck = 0820;
				LastUpgradeCheck = 0820;
				ORGANIZATIONNAME = icdt;
				TargetAttributes = {
					DB157CFE1E08C03800C02A1E = {
						CreatedOnToolsVersion = 8.2;
						DevelopmentTeam = HNQZ48LCHB;
						LastSwiftMigration = 0820;
						ProvisioningStyle = Automatic;
						SystemCapabilities = {
							com.apple.Maps.iOS = {
								enabled = 1;
							};
						};
					};
				};
			};
			buildConfigurationList = DB157CFA1E08C03800C02A1E /* Build configuration list for PBXProject "CodingCafe" */;
			compatibilityVersion = "Xcode 3.2";
			developmentRegion = English;
			hasScannedForEncodings = 0;
			knownRegions = (
				en,
				Base,
			);
			mainGroup = DB157CF61E08C03800C02A1E;
			productRefGroup = DB157D001E08C03800C02A1E /* Products */;
			projectDirPath = "";
			projectRoot = "";
			targets = (
				DB157CFE1E08C03800C02A1E /* CodingCafe */,
			);
		};
/* End PBXProject section */

/* Begin PBXResourcesBuildPhase section */
		DB157CFD1E08C03800C02A1E /* Resources */ = {
			isa = PBXResourcesBuildPhase;
			buildActionMask = 2147483647;
			files = (
				DB157D0D1E08C03800C02A1E /* LaunchScreen.storyboard in Resources */,
				DB157D0A1E08C03800C02A1E /* Assets.xcassets in Resources */,
				DB157D081E08C03800C02A1E /* Main.storyboard in Resources */,
			);
			runOnlyForDeploymentPostprocessing = 0;
		};
/* End PBXResourcesBuildPhase section */

/* Begin PBXShellScriptBuildPhase section */
		9697AAED84256A42EBE9AC76 /* 📦 Copy Pods Resources */ = {
			isa = PBXShellScriptBuildPhase;
			buildActionMask = 2147483647;
			files = (
			);
			inputPaths = (
			);
			name = "📦 Copy Pods Resources";
			outputPaths = (
			);
			runOnlyForDeploymentPostprocessing = 0;
			shellPath = /bin/sh;
			shellScript = "\"${SRCROOT}/Pods/Target Support Files/Pods-CodingCafe/Pods-CodingCafe-resources.sh\"\n";
			showEnvVarsInLog = 0;
		};
		9B639A81F61C3F998626EC29 /* 📦 Embed Pods Frameworks */ = {
			isa = PBXShellScriptBuildPhase;
			buildActionMask = 2147483647;
			files = (
			);
			inputPaths = (
			);
			name = "📦 Embed Pods Frameworks";
			outputPaths = (
			);
			runOnlyForDeploymentPostprocessing = 0;
			shellPath = /bin/sh;
			shellScript = "\"${SRCROOT}/Pods/Target Support Files/Pods-CodingCafe/Pods-CodingCafe-frameworks.sh\"\n";
			showEnvVarsInLog = 0;
		};
		C4C44F82C2712FE2D41CFBDB /* 📦 Check Pods Manifest.lock */ = {
			isa = PBXShellScriptBuildPhase;
			buildActionMask = 2147483647;
			files = (
			);
			inputPaths = (
			);
			name = "📦 Check Pods Manifest.lock";
			outputPaths = (
			);
			runOnlyForDeploymentPostprocessing = 0;
			shellPath = /bin/sh;
			shellScript = "diff \"${PODS_ROOT}/../Podfile.lock\" \"${PODS_ROOT}/Manifest.lock\" > /dev/null\nif [[ $? != 0 ]] ; then\n    cat << EOM\nerror: The sandbox is not in sync with the Podfile.lock. Run 'pod install' or update your CocoaPods installation.\nEOM\n    exit 1\nfi\n";
			showEnvVarsInLog = 0;
		};
/* End PBXShellScriptBuildPhase section */

/* Begin PBXSourcesBuildPhase section */
		DB157CFB1E08C03800C02A1E /* Sources */ = {
			isa = PBXSourcesBuildPhase;
			buildActionMask = 2147483647;
			files = (
				DB8FA8231E2AA53800B678C8 /* Communicator.swift in Sources */,
				DB09B4271E30FC7200A9A600 /* CoreEntity.swift in Sources */,
				DBBED7F51E2D1950000C660A /* MapViewController.swift in Sources */,
				DB157D051E08C03800C02A1E /* ViewController.swift in Sources */,
				DBBED7F31E2D1919000C660A /* MapView.swift in Sources */,
				DB157D031E08C03800C02A1E /* AppDelegate.swift in Sources */,
				DBBED7F71E2D1AF8000C660A /* MapDetailView.swift in Sources */,
			);
			runOnlyForDeploymentPostprocessing = 0;
		};
/* End PBXSourcesBuildPhase section */

/* Begin PBXVariantGroup section */
		DB157D061E08C03800C02A1E /* Main.storyboard */ = {
			isa = PBXVariantGroup;
			children = (
				DB157D071E08C03800C02A1E /* Base */,
			);
			name = Main.storyboard;
			sourceTree = "<group>";
		};
		DB157D0B1E08C03800C02A1E /* LaunchScreen.storyboard */ = {
			isa = PBXVariantGroup;
			children = (
				DB157D0C1E08C03800C02A1E /* Base */,
			);
			name = LaunchScreen.storyboard;
			sourceTree = "<group>";
		};
/* End PBXVariantGroup section */

/* Begin XCBuildConfiguration section */
		DB157D0F1E08C03800C02A1E /* Debug */ = {
			isa = XCBuildConfiguration;
			buildSettings = {
				ALWAYS_SEARCH_USER_PATHS = NO;
				CLANG_ANALYZER_NONNULL = YES;
				CLANG_CXX_LANGUAGE_STANDARD = "gnu++0x";
				CLANG_CXX_LIBRARY = "libc++";
				CLANG_ENABLE_MODULES = YES;
				CLANG_ENABLE_OBJC_ARC = YES;
				CLANG_WARN_BOOL_CONVERSION = YES;
				CLANG_WARN_CONSTANT_CONVERSION = YES;
				CLANG_WARN_DIRECT_OBJC_ISA_USAGE = YES_ERROR;
				CLANG_WARN_DOCUMENTATION_COMMENTS = YES;
				CLANG_WARN_EMPTY_BODY = YES;
				CLANG_WARN_ENUM_CONVERSION = YES;
				CLANG_WARN_INFINITE_RECURSION = YES;
				CLANG_WARN_INT_CONVERSION = YES;
				CLANG_WARN_OBJC_ROOT_CLASS = YES_ERROR;
				CLANG_WARN_SUSPICIOUS_MOVE = YES;
				CLANG_WARN_UNREACHABLE_CODE = YES;
				CLANG_WARN__DUPLICATE_METHOD_MATCH = YES;
				"CODE_SIGN_IDENTITY[sdk=iphoneos*]" = "iPhone Developer";
				COPY_PHASE_STRIP = NO;
				DEBUG_INFORMATION_FORMAT = dwarf;
				ENABLE_STRICT_OBJC_MSGSEND = YES;
				ENABLE_TESTABILITY = YES;
				GCC_C_LANGUAGE_STANDARD = gnu99;
				GCC_DYNAMIC_NO_PIC = NO;
				GCC_NO_COMMON_BLOCKS = YES;
				GCC_OPTIMIZATION_LEVEL = 0;
				GCC_PREPROCESSOR_DEFINITIONS = (
					"DEBUG=1",
					"$(inherited)",
				);
				GCC_WARN_64_TO_32_BIT_CONVERSION = YES;
				GCC_WARN_ABOUT_RETURN_TYPE = YES_ERROR;
				GCC_WARN_UNDECLARED_SELECTOR = YES;
				GCC_WARN_UNINITIALIZED_AUTOS = YES_AGGRESSIVE;
				GCC_WARN_UNUSED_FUNCTION = YES;
				GCC_WARN_UNUSED_VARIABLE = YES;
				IPHONEOS_DEPLOYMENT_TARGET = 10.2;
				MTL_ENABLE_DEBUG_INFO = YES;
				ONLY_ACTIVE_ARCH = YES;
				SDKROOT = iphoneos;
				SWIFT_ACTIVE_COMPILATION_CONDITIONS = DEBUG;
				SWIFT_OPTIMIZATION_LEVEL = "-Onone";
				TARGETED_DEVICE_FAMILY = "1,2";
			};
			name = Debug;
		};
		DB157D101E08C03800C02A1E /* Release */ = {
			isa = XCBuildConfiguration;
			buildSettings = {
				ALWAYS_SEARCH_USER_PATHS = NO;
				CLANG_ANALYZER_NONNULL = YES;
				CLANG_CXX_LANGUAGE_STANDARD = "gnu++0x";
				CLANG_CXX_LIBRARY = "libc++";
				CLANG_ENABLE_MODULES = YES;
				CLANG_ENABLE_OBJC_ARC = YES;
				CLANG_WARN_BOOL_CONVERSION = YES;
				CLANG_WARN_CONSTANT_CONVERSION = YES;
				CLANG_WARN_DIRECT_OBJC_ISA_USAGE = YES_ERROR;
				CLANG_WARN_DOCUMENTATION_COMMENTS = YES;
				CLANG_WARN_EMPTY_BODY = YES;
				CLANG_WARN_ENUM_CONVERSION = YES;
				CLANG_WARN_INFINITE_RECURSION = YES;
				CLANG_WARN_INT_CONVERSION = YES;
				CLANG_WARN_OBJC_ROOT_CLASS = YES_ERROR;
				CLANG_WARN_SUSPICIOUS_MOVE = YES;
				CLANG_WARN_UNREACHABLE_CODE = YES;
				CLANG_WARN__DUPLICATE_METHOD_MATCH = YES;
				"CODE_SIGN_IDENTITY[sdk=iphoneos*]" = "iPhone Developer";
				COPY_PHASE_STRIP = NO;
				DEBUG_INFORMATION_FORMAT = "dwarf-with-dsym";
				ENABLE_NS_ASSERTIONS = NO;
				ENABLE_STRICT_OBJC_MSGSEND = YES;
				GCC_C_LANGUAGE_STANDARD = gnu99;
				GCC_NO_COMMON_BLOCKS = YES;
				GCC_WARN_64_TO_32_BIT_CONVERSION = YES;
				GCC_WARN_ABOUT_RETURN_TYPE = YES_ERROR;
				GCC_WARN_UNDECLARED_SELECTOR = YES;
				GCC_WARN_UNINITIALIZED_AUTOS = YES_AGGRESSIVE;
				GCC_WARN_UNUSED_FUNCTION = YES;
				GCC_WARN_UNUSED_VARIABLE = YES;
				IPHONEOS_DEPLOYMENT_TARGET = 10.2;
				MTL_ENABLE_DEBUG_INFO = NO;
				SDKROOT = iphoneos;
				SWIFT_OPTIMIZATION_LEVEL = "-Owholemodule";
				TARGETED_DEVICE_FAMILY = "1,2";
				VALIDATE_PRODUCT = YES;
			};
			name = Release;
		};
		DB157D121E08C03800C02A1E /* Debug */ = {
			isa = XCBuildConfiguration;
			baseConfigurationReference = ABB5F5583B991E698A28A53A /* Pods-CodingCafe.debug.xcconfig */;
			buildSettings = {
				ASSETCATALOG_COMPILER_APPICON_NAME = AppIcon;
				DEVELOPMENT_TEAM = HNQZ48LCHB;
				INFOPLIST_FILE = CodingCafe/Info.plist;
				IPHONEOS_DEPLOYMENT_TARGET = 8.0;
				LD_RUNPATH_SEARCH_PATHS = "$(inherited) @executable_path/Frameworks";
				PRODUCT_BUNDLE_IDENTIFIER = com.icdt.CodingCafe;
				PRODUCT_NAME = "$(TARGET_NAME)";
				SWIFT_VERSION = 3.0;
			};
			name = Debug;
		};
		DB157D131E08C03800C02A1E /* Release */ = {
			isa = XCBuildConfiguration;
			baseConfigurationReference = F14346CCB2A977045F7E9A0F /* Pods-CodingCafe.release.xcconfig */;
			buildSettings = {
				ASSETCATALOG_COMPILER_APPICON_NAME = AppIcon;
				DEVELOPMENT_TEAM = HNQZ48LCHB;
				INFOPLIST_FILE = CodingCafe/Info.plist;
				IPHONEOS_DEPLOYMENT_TARGET = 8.0;
				LD_RUNPATH_SEARCH_PATHS = "$(inherited) @executable_path/Frameworks";
				PRODUCT_BUNDLE_IDENTIFIER = com.icdt.CodingCafe;
				PRODUCT_NAME = "$(TARGET_NAME)";
				SWIFT_VERSION = 3.0;
			};
			name = Release;
		};
/* End XCBuildConfiguration section */

/* Begin XCConfigurationList section */
		DB157CFA1E08C03800C02A1E /* Build configuration list for PBXProject "CodingCafe" */ = {
			isa = XCConfigurationList;
			buildConfigurations = (
				DB157D0F1E08C03800C02A1E /* Debug */,
				DB157D101E08C03800C02A1E /* Release */,
			);
			defaultConfigurationIsVisible = 0;
			defaultConfigurationName = Release;
		};
		DB157D111E08C03800C02A1E /* Build configuration list for PBXNativeTarget "CodingCafe" */ = {
			isa = XCConfigurationList;
			buildConfigurations = (
				DB157D121E08C03800C02A1E /* Debug */,
				DB157D131E08C03800C02A1E /* Release */,
			);
			defaultConfigurationIsVisible = 0;
			defaultConfigurationName = Release;
		};
/* End XCConfigurationList section */
	};
	rootObject = DB157CF71E08C03800C02A1E /* Project object */;
}
